
Microsoft Visual Studio Solution File, Format Version 12.00
# Visual Studio 15
VisualStudioVersion = 15.0.27130.2020
MinimumVisualStudioVersion = 10.0.40219.1
Project("{FAE04EC0-301F-11D3-BF4B-00C04F79EFBC}") = "CountryGUIAndreLussier", "CountryGUIAndreLussier\CountryGUIAndreLussier.csproj", "{8654D38A-394C-4889-A669-FDF1200A50DF}"
EndProject
Global
	GlobalSection(SolutionConfigurationPlatforms) = preSolution
		Debug|Any CPU = Debug|Any CPU
		Release|Any CPU = Release|Any CPU
	EndGlobalSection
	GlobalSection(ProjectConfigurationPlatforms) = postSolution
		{8654D38A-394C-4889-A669-FDF1200A50DF}.Debug|Any CPU.ActiveCfg = Debug|Any CPU
		{8654D38A-394C-4889-A669-FDF1200A50DF}.Debug|Any CPU.Build.0 = Debug|Any CPU
		{8654D38A-394C-4889-A669-FDF1200A50DF}.Release|Any CPU.ActiveCfg = Release|Any CPU
		{8654D38A-394C-4889-A669-FDF1200A50DF}.Release|Any CPU.Build.0 = Release|Any CPU
	EndGlobalSection
	GlobalSection(SolutionProperties) = preSolution
		HideSolutionNode = FALSE
	EndGlobalSection
	GlobalSection(ExtensibilityGlobals) = postSolution
		SolutionGuid = {980F18BA-6E4F-43E5-8759-C4FF6619F3C3}
	EndGlobalSection
EndGlobal
